
Microsoft Visual Studio Solution File, Format Version 12.00
# Visual Studio 15
VisualStudioVersion = 15.0.28307.572
MinimumVisualStudioVersion = 10.0.40219.1
Project("{FAE04EC0-301F-11D3-BF4B-00C04F79EFBC}") = "ProjetoMVCC22", "ProjetoMVCC22\ProjetoMVCC22.csproj", "{B9BCDAB9-E720-4823-A3F6-5E7B5659A633}"
EndProject
Global
	GlobalSection(SolutionConfigurationPlatforms) = preSolution
		Debug|Any CPU = Debug|Any CPU
		Release|Any CPU = Release|Any CPU
	EndGlobalSection
	GlobalSection(ProjectConfigurationPlatforms) = postSolution
		{B9BCDAB9-E720-4823-A3F6-5E7B5659A633}.Debug|Any CPU.ActiveCfg = Debug|Any CPU
		{B9BCDAB9-E720-4823-A3F6-5E7B5659A633}.Debug|Any CPU.Build.0 = Debug|Any CPU
		{B9BCDAB9-E720-4823-A3F6-5E7B5659A633}.Release|Any CPU.ActiveCfg = Release|Any CPU
		{B9BCDAB9-E720-4823-A3F6-5E7B5659A633}.Release|Any CPU.Build.0 = Release|Any CPU
	EndGlobalSection
	GlobalSection(SolutionProperties) = preSolution
		HideSolutionNode = FALSE
	EndGlobalSection
	GlobalSection(ExtensibilityGlobals) = postSolution
		SolutionGuid = {5037945B-81C6-4C0B-9DD2-F97FCA5CA34B}
	EndGlobalSection
EndGlobal
